
Microsoft Visual Studio Solution File, Format Version 12.00
# Visual Studio Version 16
VisualStudioVersion = 16.0.28803.202
MinimumVisualStudioVersion = 10.0.40219.1
Project("{FAE04EC0-301F-11D3-BF4B-00C04F79EFBC}") = "PegaRPA-DeploymentUtility", "PegaRPA-DeploymentUtility\PegaRPA-DeploymentUtility.csproj", "{49240178-A3A1-441E-B5DF-DF928EBD4F43}"
EndProject
Project("{FAE04EC0-301F-11D3-BF4B-00C04F79EFBC}") = "PegaRPA-DeploymentUtility.Tests", "PegaRPA-DeploymentUtility.Tests\PegaRPA-DeploymentUtility.Tests.csproj", "{AA30C621-E7C0-4248-9F43-453D8C7FF019}"
EndProject
Global
	GlobalSection(SolutionConfigurationPlatforms) = preSolution
		Debug|Any CPU = Debug|Any CPU
		Release|Any CPU = Release|Any CPU
	EndGlobalSection
	GlobalSection(ProjectConfigurationPlatforms) = postSolution
		{49240178-A3A1-441E-B5DF-DF928EBD4F43}.Debug|Any CPU.ActiveCfg = Debug|Any CPU
		{49240178-A3A1-441E-B5DF-DF928EBD4F43}.Debug|Any CPU.Build.0 = Debug|Any CPU
		{49240178-A3A1-441E-B5DF-DF928EBD4F43}.Release|Any CPU.ActiveCfg = Release|Any CPU
		{49240178-A3A1-441E-B5DF-DF928EBD4F43}.Release|Any CPU.Build.0 = Release|Any CPU
		{AA30C621-E7C0-4248-9F43-453D8C7FF019}.Debug|Any CPU.ActiveCfg = Debug|Any CPU
		{AA30C621-E7C0-4248-9F43-453D8C7FF019}.Debug|Any CPU.Build.0 = Debug|Any CPU
		{AA30C621-E7C0-4248-9F43-453D8C7FF019}.Release|Any CPU.ActiveCfg = Release|Any CPU
		{AA30C621-E7C0-4248-9F43-453D8C7FF019}.Release|Any CPU.Build.0 = Release|Any CPU
	EndGlobalSection
	GlobalSection(SolutionProperties) = preSolution
		HideSolutionNode = FALSE
	EndGlobalSection
	GlobalSection(ExtensibilityGlobals) = postSolution
		SolutionGuid = {54EE1CEC-78A4-4815-94AB-F1B77FC9D1FB}
	EndGlobalSection
EndGlobal
